{
  "version": 4,
  "terraform_version": "1.3.1",
  "serial": 13,
  "lineage": "1aebd068-0336-7a6c-921c-7e2e035393ba",
  "outputs": {},
  "resources": [
    {
      "mode": "managed",
      "type": "aws_instance",
      "name": "dove-inst",
      "provider": "provider[\"registry.terraform.io/hashicorp/aws\"]",
      "instances": [
        {
          "status": "tainted",
          "schema_version": 1,
          "attributes": {
            "ami": "ami-026b57f3c383c2eec",
            "arn": "arn:aws:ec2:us-east-1:134524836832:instance/i-0003da406eea424e2",
            "associate_public_ip_address": true,
            "availability_zone": "us-east-1a",
            "capacity_reservation_specification": [
              {
                "capacity_reservation_preference": "open",
                "capacity_reservation_target": []
              }
            ],
            "cpu_core_count": 1,
            "cpu_threads_per_core": 1,
            "credit_specification": [
              {
                "cpu_credits": "standard"
              }
            ],
            "disable_api_stop": false,
            "disable_api_termination": false,
            "ebs_block_device": [],
            "ebs_optimized": false,
            "enclave_options": [
              {
                "enabled": false
              }
            ],
            "ephemeral_block_device": [],
            "get_password_data": false,
            "hibernation": false,
            "host_id": null,
            "host_resource_group_arn": null,
            "iam_instance_profile": "",
            "id": "i-0003da406eea424e2",
            "instance_initiated_shutdown_behavior": "stop",
            "instance_state": "running",
            "instance_type": "t2.micro",
            "ipv6_address_count": 0,
            "ipv6_addresses": [],
            "key_name": "dovekey",
            "launch_template": [],
            "maintenance_options": [
              {
                "auto_recovery": "default"
              }
            ],
            "metadata_options": [
              {
                "http_endpoint": "enabled",
                "http_put_response_hop_limit": 1,
                "http_tokens": "optional",
                "instance_metadata_tags": "disabled"
              }
            ],
            "monitoring": false,
            "network_interface": [],
            "outpost_arn": "",
            "password_data": "",
            "placement_group": "",
            "placement_partition_number": null,
            "primary_network_interface_id": "eni-00b9e2aab4fcb7884",
            "private_dns": "ip-172-31-26-238.ec2.internal",
            "private_dns_name_options": [
              {
                "enable_resource_name_dns_a_record": false,
                "enable_resource_name_dns_aaaa_record": false,
                "hostname_type": "ip-name"
              }
            ],
            "private_ip": "172.31.26.238",
            "public_dns": "ec2-35-172-193-59.compute-1.amazonaws.com",
            "public_ip": "35.172.193.59",
            "root_block_device": [
              {
                "delete_on_termination": true,
                "device_name": "/dev/xvda",
                "encrypted": false,
                "iops": 100,
                "kms_key_id": "",
                "tags": {},
                "throughput": 0,
                "volume_id": "vol-0b1c9f1b5d0877f10",
                "volume_size": 8,
                "volume_type": "gp2"
              }
            ],
            "secondary_private_ips": [],
            "security_groups": [
              "hello"
            ],
            "source_dest_check": true,
            "subnet_id": "subnet-06fd5f02ce4f4d34d",
            "tags": {
              "Name": "Dove-Instance",
              "Project": "Dove"
            },
            "tags_all": {
              "Name": "Dove-Instance",
              "Project": "Dove"
            },
            "tenancy": "default",
            "timeouts": null,
            "user_data": null,
            "user_data_base64": null,
            "user_data_replace_on_change": false,
            "volume_tags": null,
            "vpc_security_group_ids": [
              "sg-0b9455b559bacfad2"
            ]
          },
          "sensitive_attributes": [],
          "private": "eyJlMmJmYjczMC1lY2FhLTExZTYtOGY4OC0zNDM2M2JjN2M0YzAiOnsiY3JlYXRlIjo2MDAwMDAwMDAwMDAsImRlbGV0ZSI6MTIwMDAwMDAwMDAwMCwidXBkYXRlIjo2MDAwMDAwMDAwMDB9LCJzY2hlbWFfdmVyc2lvbiI6IjEifQ==",
          "dependencies": [
            "aws_key_pair.dove-key"
          ]
        }
      ]
    },
    {
      "mode": "managed",
      "type": "aws_key_pair",
      "name": "dove-key",
      "provider": "provider[\"registry.terraform.io/hashicorp/aws\"]",
      "instances": [
        {
          "schema_version": 1,
          "attributes": {
            "arn": "arn:aws:ec2:us-east-1:134524836832:key-pair/dovekey",
            "fingerprint": "82:86:07:67:bd:a4:e6:14:6f:cf:25:c2:08:46:a3:a5",
            "id": "dovekey",
            "key_name": "dovekey",
            "key_name_prefix": "",
            "key_pair_id": "key-0123cd2b4b561259d",
            "key_type": "rsa",
            "public_key": "ssh-rsa AAAAB3NzaC1yc2EAAAADAQABAAABgQCjC/BICEYwHkGqRflDqI8Tz3Mfj9AnYFaD04RjBMr1vFwtlztgBngYkQbzaGUkNJi0LpXCoTb/CC7QTLWth5997y1s4QUS+hZKRiRzCDpMflKrK4UazOPUBTQLbjPmijR7NC78MRvQ8F5rccMXDKa0rg6JZ65pUWT1EfV912ESSj4HMxwGaDE+MiyCP8d0F6iRa+I17P5VFicETYoHXQ0MisHmrBp9KNWDjKxTaJeRhtIe98TxMDr/6++CH4Uqxb1bhM2zNVdeiBqg32c5ZMwave34aLKGOy/A+/ZrEUGgJ4/C5OsAxVkhzfeK+gUMVxtDo7AaIyxtoCkRVii72UHv8fP75eQESvtg7H3RBurTG4MqjHFBimUsrqY9WWrr3/8Tcajx1+EXqKLb0u8ysj6/Nr8srBKbrOIALGQVAer2Y9QXSJTPoducxInm1D9S3LKDqAofX1sbmhEwk4c5xzVg87wwBMQiYmekNi+F2d4RwyQSFIQUbGQ2C0RgUgr5tG8= FMostafa@TCTSL-425FH2",
            "tags": {},
            "tags_all": {}
          },
          "sensitive_attributes": [],
          "private": "eyJzY2hlbWFfdmVyc2lvbiI6IjEifQ=="
        }
      ]
    }
  ],
  "check_results": []
}
